<?xml version="1.0" encoding="utf-8"?>
<Project ToolsVersion="4.0" xmlns="http://schemas.microsoft.com/developer/msbuild/2003">
  <ItemGroup>
    <Filter Include="Source Files">
      <UniqueIdentifier>{4FC737F1-C7A5-4376-A066-2A32D752A2FF}</UniqueIdentifier>
      <Extensions>cpp;c;cc;cxx;def;odl;idl;hpj;bat;asm;asmx</Extensions>
    </Filter>
    <Filter Include="Header Files">
      <UniqueIdentifier>{93995380-89BD-4b04-88EB-625FBE52EBFB}</UniqueIdentifier>
      <Extensions>h;hpp;hxx;hm;inl;inc;xsd</Extensions>
    </Filter>
    <Filter Include="Resource Files">
      <UniqueIdentifier>{67DA6AB6-F800-4c08-8B7A-83BB121AAD01}</UniqueIdentifier>
      <Extensions>rc;ico;cur;bmp;dlg;rc2;rct;bin;rgs;gif;jpg;jpeg;jpe;resx;tiff;tif;png;wav</Extensions>
    </Filter>
    <Filter Include="blocks">
      <UniqueIdentifier>{bca92b58-4b41-4506-98c6-3159469f22cf}</UniqueIdentifier>
    </Filter>
    <Filter Include="blocks\Cinder-Txt">
      <UniqueIdentifier>{c39c8206-72f0-40b7-82b6-60872a8e9f9b}</UniqueIdentifier>
    </Filter>
  </ItemGroup>
  <ItemGroup>
    <ClInclude Include="..\include\Resources.h">
      <Filter>Header Files</Filter>
    </ClInclude>
    <ClCompile Include="..\src\ParagraphApp.cpp">
      <Filter>Source Files</Filter>
    </ClCompile>
    <ClInclude Include="..\..\..\src\txt\AttributedString.h">
      <Filter>blocks\Cinder-Txt</Filter>
    </ClInclude>
    <ClInclude Include="..\..\..\src\txt\Font.h">
      <Filter>blocks\Cinder-Txt</Filter>
    </ClInclude>
    <ClInclude Include="..\..\..\src\txt\FontManager.h">
      <Filter>blocks\Cinder-Txt</Filter>
    </ClInclude>
    <ClInclude Include="..\..\..\src\txt\Layout.h">
      <Filter>blocks\Cinder-Txt</Filter>
    </ClInclude>
    <ClInclude Include="..\..\..\src\txt\Parser.h">
      <Filter>blocks\Cinder-Txt</Filter>
    </ClInclude>
    <ClInclude Include="..\..\..\src\txt\Shaper.h">
      <Filter>blocks\Cinder-Txt</Filter>
    </ClInclude>
    <ClInclude Include="..\..\..\src\txt\SystemFonts.h">
      <Filter>blocks\Cinder-Txt</Filter>
    </ClInclude>
    <ClInclude Include="..\..\..\src\txt\TextRendererGl.h">
      <Filter>blocks\Cinder-Txt</Filter>
    </ClInclude>
  </ItemGroup>
  <ItemGroup>
    <ClInclude Include="..\include\Resources.h">
      <Filter>Header Files</Filter>
    </ClInclude>
  </ItemGroup>
  <ItemGroup>
    <ResourceCompile Include="Resources.rc">
      <Filter>Resource Files</Filter>
    </ResourceCompile>
  </ItemGroup>
  <ItemGroup>
    <ClCompile Include="..\..\..\src\txt\AttributedString.cpp">
      <Filter>blocks\Cinder-Txt</Filter>
    </ClCompile>
    <ClCompile Include="..\..\..\src\txt\Font.cpp">
      <Filter>blocks\Cinder-Txt</Filter>
    </ClCompile>
    <ClCompile Include="..\..\..\src\txt\FontManager.cpp">
      <Filter>blocks\Cinder-Txt</Filter>
    </ClCompile>
    <ClCompile Include="..\..\..\src\txt\Layout.cpp">
      <Filter>blocks\Cinder-Txt</Filter>
    </ClCompile>
    <ClCompile Include="..\..\..\src\txt\Parser.cpp">
      <Filter>blocks\Cinder-Txt</Filter>
    </ClCompile>
    <ClCompile Include="..\..\..\src\txt\Shaper.cpp">
      <Filter>blocks\Cinder-Txt</Filter>
    </ClCompile>
    <ClCompile Include="..\..\..\src\txt\SystemFonts.cpp">
      <Filter>blocks\Cinder-Txt</Filter>
    </ClCompile>
    <ClCompile Include="..\..\..\src\txt\TextRendererGl.cpp">
      <Filter>blocks\Cinder-Txt</Filter>
    </ClCompile>
  </ItemGroup>
</Project>