<?xml version="1.0" encoding="utf-8"?>
<Project ToolsVersion="4.0" xmlns="http://schemas.microsoft.com/developer/msbuild/2003">
  <ItemGroup>
    <Filter Include="Source Files">
      <UniqueIdentifier>{4FC737F1-C7A5-4376-A066-2A32D752A2FF}</UniqueIdentifier>
      <Extensions>cpp;c;cc;cxx;def;odl;idl;hpj;bat;asm;asmx</Extensions>
    </Filter>
    <Filter Include="Header Files">
      <UniqueIdentifier>{93995380-89BD-4b04-88EB-625FBE52EBFB}</UniqueIdentifier>
      <Extensions>h;hpp;hxx;hm;inl;inc;xsd</Extensions>
    </Filter>
    <Filter Include="Resource Files">
      <UniqueIdentifier>{67DA6AB6-F800-4c08-8B7A-83BB121AAD01}</UniqueIdentifier>
      <Extensions>rc;ico;cur;bmp;dlg;rc2;rct;bin;rgs;gif;jpg;jpeg;jpe;resx;tiff;tif;png;wav</Extensions>
    </Filter>
    <Filter Include="Freetype">
      <UniqueIdentifier>{dedfb92e-760f-40ee-9c71-baf83e7c18d8}</UniqueIdentifier>
    </Filter>
    <Filter Include="Harfbuzz">
      <UniqueIdentifier>{ac0bc05b-9a80-4ad0-a712-4717800ac752}</UniqueIdentifier>
    </Filter>
  </ItemGroup>
  <ItemGroup>
    <ClCompile Include="..\src\CinderProjectApp.cpp">
      <Filter>Source Files</Filter>
    </ClCompile>
    <ClCompile Include="..\src\CinderProjectApp.cpp">
      <Filter>Source Files</Filter>
    </ClCompile>
    <ClInclude Include="..\include\Resources.h">
      <Filter>Header Files</Filter>
    </ClInclude>
    <ClCompile Include="..\..\..\src\text\Font.cpp">
      <Filter>Source Files</Filter>
    </ClCompile>
    <ClCompile Include="..\..\..\src\text\FontManager.cpp">
      <Filter>Source Files</Filter>
    </ClCompile>
    <ClCompile Include="..\..\..\src\text\Layout.cpp">
      <Filter>Source Files</Filter>
    </ClCompile>
    <ClCompile Include="..\..\..\src\text\TextRendererGl.cpp">
      <Filter>Source Files</Filter>
    </ClCompile>
  </ItemGroup>
  <ItemGroup>
    <ClInclude Include="..\include\Resources.h">
      <Filter>Header Files</Filter>
    </ClInclude>
    <ClInclude Include="..\..\..\include\freetype2\freetype\config\ftconfig.h">
      <Filter>Freetype</Filter>
    </ClInclude>
    <ClInclude Include="..\..\..\include\freetype2\freetype\config\ftheader.h">
      <Filter>Freetype</Filter>
    </ClInclude>
    <ClInclude Include="..\..\..\include\freetype2\freetype\config\ftmodule.h">
      <Filter>Freetype</Filter>
    </ClInclude>
    <ClInclude Include="..\..\..\include\freetype2\freetype\config\ftoption.h">
      <Filter>Freetype</Filter>
    </ClInclude>
    <ClInclude Include="..\..\..\include\freetype2\freetype\config\ftstdlib.h">
      <Filter>Freetype</Filter>
    </ClInclude>
    <ClInclude Include="..\..\..\include\freetype2\freetype\freetype.h">
      <Filter>Freetype</Filter>
    </ClInclude>
    <ClInclude Include="..\..\..\include\freetype2\freetype\ftadvanc.h">
      <Filter>Freetype</Filter>
    </ClInclude>
    <ClInclude Include="..\..\..\include\freetype2\freetype\ftautoh.h">
      <Filter>Freetype</Filter>
    </ClInclude>
    <ClInclude Include="..\..\..\include\freetype2\freetype\ftbbox.h">
      <Filter>Freetype</Filter>
    </ClInclude>
    <ClInclude Include="..\..\..\include\freetype2\freetype\ftbdf.h">
      <Filter>Freetype</Filter>
    </ClInclude>
    <ClInclude Include="..\..\..\include\freetype2\freetype\ftbitmap.h">
      <Filter>Freetype</Filter>
    </ClInclude>
    <ClInclude Include="..\..\..\include\freetype2\freetype\ftbzip2.h">
      <Filter>Freetype</Filter>
    </ClInclude>
    <ClInclude Include="..\..\..\include\freetype2\freetype\ftcache.h">
      <Filter>Freetype</Filter>
    </ClInclude>
    <ClInclude Include="..\..\..\include\freetype2\freetype\ftcffdrv.h">
      <Filter>Freetype</Filter>
    </ClInclude>
    <ClInclude Include="..\..\..\include\freetype2\freetype\ftchapters.h">
      <Filter>Freetype</Filter>
    </ClInclude>
    <ClInclude Include="..\..\..\include\freetype2\freetype\ftcid.h">
      <Filter>Freetype</Filter>
    </ClInclude>
    <ClInclude Include="..\..\..\include\freetype2\freetype\fterrdef.h">
      <Filter>Freetype</Filter>
    </ClInclude>
    <ClInclude Include="..\..\..\include\freetype2\freetype\fterrors.h">
      <Filter>Freetype</Filter>
    </ClInclude>
    <ClInclude Include="..\..\..\include\freetype2\freetype\ftfntfmt.h">
      <Filter>Freetype</Filter>
    </ClInclude>
    <ClInclude Include="..\..\..\include\freetype2\freetype\ftgasp.h">
      <Filter>Freetype</Filter>
    </ClInclude>
    <ClInclude Include="..\..\..\include\freetype2\freetype\ftglyph.h">
      <Filter>Freetype</Filter>
    </ClInclude>
    <ClInclude Include="..\..\..\include\freetype2\freetype\ftgxval.h">
      <Filter>Freetype</Filter>
    </ClInclude>
    <ClInclude Include="..\..\..\include\freetype2\freetype\ftgzip.h">
      <Filter>Freetype</Filter>
    </ClInclude>
    <ClInclude Include="..\..\..\include\freetype2\freetype\ftimage.h">
      <Filter>Freetype</Filter>
    </ClInclude>
    <ClInclude Include="..\..\..\include\freetype2\freetype\ftincrem.h">
      <Filter>Freetype</Filter>
    </ClInclude>
    <ClInclude Include="..\..\..\include\freetype2\freetype\ftlcdfil.h">
      <Filter>Freetype</Filter>
    </ClInclude>
    <ClInclude Include="..\..\..\include\freetype2\freetype\ftlist.h">
      <Filter>Freetype</Filter>
    </ClInclude>
    <ClInclude Include="..\..\..\include\freetype2\freetype\ftlzw.h">
      <Filter>Freetype</Filter>
    </ClInclude>
    <ClInclude Include="..\..\..\include\freetype2\freetype\ftmac.h">
      <Filter>Freetype</Filter>
    </ClInclude>
    <ClInclude Include="..\..\..\include\freetype2\freetype\ftmm.h">
      <Filter>Freetype</Filter>
    </ClInclude>
    <ClInclude Include="..\..\..\include\freetype2\freetype\ftmodapi.h">
      <Filter>Freetype</Filter>
    </ClInclude>
    <ClInclude Include="..\..\..\include\freetype2\freetype\ftmoderr.h">
      <Filter>Freetype</Filter>
    </ClInclude>
    <ClInclude Include="..\..\..\include\freetype2\freetype\ftotval.h">
      <Filter>Freetype</Filter>
    </ClInclude>
    <ClInclude Include="..\..\..\include\freetype2\freetype\ftoutln.h">
      <Filter>Freetype</Filter>
    </ClInclude>
    <ClInclude Include="..\..\..\include\freetype2\freetype\ftpcfdrv.h">
      <Filter>Freetype</Filter>
    </ClInclude>
    <ClInclude Include="..\..\..\include\freetype2\freetype\ftpfr.h">
      <Filter>Freetype</Filter>
    </ClInclude>
    <ClInclude Include="..\..\..\include\freetype2\freetype\ftrender.h">
      <Filter>Freetype</Filter>
    </ClInclude>
    <ClInclude Include="..\..\..\include\freetype2\freetype\ftsizes.h">
      <Filter>Freetype</Filter>
    </ClInclude>
    <ClInclude Include="..\..\..\include\freetype2\freetype\ftsnames.h">
      <Filter>Freetype</Filter>
    </ClInclude>
    <ClInclude Include="..\..\..\include\freetype2\freetype\ftstroke.h">
      <Filter>Freetype</Filter>
    </ClInclude>
    <ClInclude Include="..\..\..\include\freetype2\freetype\ftsynth.h">
      <Filter>Freetype</Filter>
    </ClInclude>
    <ClInclude Include="..\..\..\include\freetype2\freetype\ftsystem.h">
      <Filter>Freetype</Filter>
    </ClInclude>
    <ClInclude Include="..\..\..\include\freetype2\freetype\fttrigon.h">
      <Filter>Freetype</Filter>
    </ClInclude>
    <ClInclude Include="..\..\..\include\freetype2\freetype\ftttdrv.h">
      <Filter>Freetype</Filter>
    </ClInclude>
    <ClInclude Include="..\..\..\include\freetype2\freetype\fttypes.h">
      <Filter>Freetype</Filter>
    </ClInclude>
    <ClInclude Include="..\..\..\include\freetype2\freetype\ftwinfnt.h">
      <Filter>Freetype</Filter>
    </ClInclude>
    <ClInclude Include="..\..\..\include\freetype2\freetype\t1tables.h">
      <Filter>Freetype</Filter>
    </ClInclude>
    <ClInclude Include="..\..\..\include\freetype2\freetype\ttnameid.h">
      <Filter>Freetype</Filter>
    </ClInclude>
    <ClInclude Include="..\..\..\include\freetype2\freetype\tttables.h">
      <Filter>Freetype</Filter>
    </ClInclude>
    <ClInclude Include="..\..\..\include\freetype2\freetype\tttags.h">
      <Filter>Freetype</Filter>
    </ClInclude>
    <ClInclude Include="..\..\..\include\freetype2\freetype\ttunpat.h">
      <Filter>Freetype</Filter>
    </ClInclude>
    <ClInclude Include="..\..\..\include\freetype2\ft2build.h">
      <Filter>Freetype</Filter>
    </ClInclude>
    <ClInclude Include="..\..\..\include\harfbuzz\hb-blob.h">
      <Filter>Harfbuzz</Filter>
    </ClInclude>
    <ClInclude Include="..\..\..\include\harfbuzz\hb-buffer.h">
      <Filter>Harfbuzz</Filter>
    </ClInclude>
    <ClInclude Include="..\..\..\include\harfbuzz\hb-common.h">
      <Filter>Harfbuzz</Filter>
    </ClInclude>
    <ClInclude Include="..\..\..\include\harfbuzz\hb-deprecated.h">
      <Filter>Harfbuzz</Filter>
    </ClInclude>
    <ClInclude Include="..\..\..\include\harfbuzz\hb-face.h">
      <Filter>Harfbuzz</Filter>
    </ClInclude>
    <ClInclude Include="..\..\..\include\harfbuzz\hb-font.h">
      <Filter>Harfbuzz</Filter>
    </ClInclude>
    <ClInclude Include="..\..\..\include\harfbuzz\hb-ft.h">
      <Filter>Harfbuzz</Filter>
    </ClInclude>
    <ClInclude Include="..\..\..\include\harfbuzz\hb-ot-font.h">
      <Filter>Harfbuzz</Filter>
    </ClInclude>
    <ClInclude Include="..\..\..\include\harfbuzz\hb-ot-layout.h">
      <Filter>Harfbuzz</Filter>
    </ClInclude>
    <ClInclude Include="..\..\..\include\harfbuzz\hb-ot-math.h">
      <Filter>Harfbuzz</Filter>
    </ClInclude>
    <ClInclude Include="..\..\..\include\harfbuzz\hb-ot-shape.h">
      <Filter>Harfbuzz</Filter>
    </ClInclude>
    <ClInclude Include="..\..\..\include\harfbuzz\hb-ot-tag.h">
      <Filter>Harfbuzz</Filter>
    </ClInclude>
    <ClInclude Include="..\..\..\include\harfbuzz\hb-ot-var.h">
      <Filter>Harfbuzz</Filter>
    </ClInclude>
    <ClInclude Include="..\..\..\include\harfbuzz\hb-ot.h">
      <Filter>Harfbuzz</Filter>
    </ClInclude>
    <ClInclude Include="..\..\..\include\harfbuzz\hb-set.h">
      <Filter>Harfbuzz</Filter>
    </ClInclude>
    <ClInclude Include="..\..\..\include\harfbuzz\hb-shape-plan.h">
      <Filter>Harfbuzz</Filter>
    </ClInclude>
    <ClInclude Include="..\..\..\include\harfbuzz\hb-shape.h">
      <Filter>Harfbuzz</Filter>
    </ClInclude>
    <ClInclude Include="..\..\..\include\harfbuzz\hb-unicode.h">
      <Filter>Harfbuzz</Filter>
    </ClInclude>
    <ClInclude Include="..\..\..\include\harfbuzz\hb-version.h">
      <Filter>Harfbuzz</Filter>
    </ClInclude>
    <ClInclude Include="..\..\..\include\harfbuzz\hb.h">
      <Filter>Harfbuzz</Filter>
    </ClInclude>
    <ClInclude Include="..\..\..\src\text\Font.h">
      <Filter>Source Files</Filter>
    </ClInclude>
    <ClInclude Include="..\..\..\src\text\FontManager.h">
      <Filter>Source Files</Filter>
    </ClInclude>
    <ClInclude Include="..\..\..\src\text\Layout.h">
      <Filter>Source Files</Filter>
    </ClInclude>
    <ClInclude Include="..\..\..\src\text\TextRendererGl.h">
      <Filter>Source Files</Filter>
    </ClInclude>
  </ItemGroup>
  <ItemGroup>
    <ResourceCompile Include="Resources.rc">
      <Filter>Resource Files</Filter>
    </ResourceCompile>
  </ItemGroup>
</Project>